
Microsoft Visual Studio Solution File, Format Version 12.00
# Visual Studio 15
VisualStudioVersion = 15.0.28307.421
MinimumVisualStudioVersion = 10.0.40219.1
Project("{FAE04EC0-301F-11D3-BF4B-00C04F79EFBC}") = "WebApplication1", "WebApplication1\WebApplication1.csproj", "{6A5F9A21-4D55-4727-BFFA-B3060AB47D8B}"
EndProject
Global
	GlobalSection(SolutionConfigurationPlatforms) = preSolution
		Debug|Any CPU = Debug|Any CPU
		Release|Any CPU = Release|Any CPU
	EndGlobalSection
	GlobalSection(ProjectConfigurationPlatforms) = postSolution
		{6A5F9A21-4D55-4727-BFFA-B3060AB47D8B}.Debug|Any CPU.ActiveCfg = Debug|Any CPU
		{6A5F9A21-4D55-4727-BFFA-B3060AB47D8B}.Debug|Any CPU.Build.0 = Debug|Any CPU
		{6A5F9A21-4D55-4727-BFFA-B3060AB47D8B}.Release|Any CPU.ActiveCfg = Release|Any CPU
		{6A5F9A21-4D55-4727-BFFA-B3060AB47D8B}.Release|Any CPU.Build.0 = Release|Any CPU
	EndGlobalSection
	GlobalSection(SolutionProperties) = preSolution
		HideSolutionNode = FALSE
	EndGlobalSection
	GlobalSection(ExtensibilityGlobals) = postSolution
		SolutionGuid = {FE5A6D7D-A4D2-4AA2-B04D-7909A344B44F}
	EndGlobalSection
EndGlobal
